
Microsoft Visual Studio Solution File, Format Version 12.00
# Visual Studio 15
VisualStudioVersion = 15.0.27130.2010
MinimumVisualStudioVersion = 10.0.40219.1
Project("{FAE04EC0-301F-11D3-BF4B-00C04F79EFBC}") = "ProductsAPI", "ProductsAPI\ProductsAPI.csproj", "{5188D45A-93B8-4393-8AB1-ED5B7C8CE40D}"
EndProject
Project("{FAE04EC0-301F-11D3-BF4B-00C04F79EFBC}") = "CategoriesAndDepartmentsAPI", "CategoriesAndDepartmentsAPI\CategoriesAndDepartmentsAPI.csproj", "{FD6177A4-B2FB-48E5-AAB0-B5FF2FEBA6A2}"
EndProject
Project("{FAE04EC0-301F-11D3-BF4B-00C04F79EFBC}") = "Domain", "Repository\Domain.csproj", "{32D27A1A-26DE-460F-AC90-DC7D167CC823}"
EndProject
Global
	GlobalSection(SolutionConfigurationPlatforms) = preSolution
		Debug|Any CPU = Debug|Any CPU
		Release|Any CPU = Release|Any CPU
	EndGlobalSection
	GlobalSection(ProjectConfigurationPlatforms) = postSolution
		{5188D45A-93B8-4393-8AB1-ED5B7C8CE40D}.Debug|Any CPU.ActiveCfg = Debug|Any CPU
		{5188D45A-93B8-4393-8AB1-ED5B7C8CE40D}.Debug|Any CPU.Build.0 = Debug|Any CPU
		{5188D45A-93B8-4393-8AB1-ED5B7C8CE40D}.Release|Any CPU.ActiveCfg = Release|Any CPU
		{5188D45A-93B8-4393-8AB1-ED5B7C8CE40D}.Release|Any CPU.Build.0 = Release|Any CPU
		{FD6177A4-B2FB-48E5-AAB0-B5FF2FEBA6A2}.Debug|Any CPU.ActiveCfg = Debug|Any CPU
		{FD6177A4-B2FB-48E5-AAB0-B5FF2FEBA6A2}.Debug|Any CPU.Build.0 = Debug|Any CPU
		{FD6177A4-B2FB-48E5-AAB0-B5FF2FEBA6A2}.Release|Any CPU.ActiveCfg = Release|Any CPU
		{FD6177A4-B2FB-48E5-AAB0-B5FF2FEBA6A2}.Release|Any CPU.Build.0 = Release|Any CPU
		{32D27A1A-26DE-460F-AC90-DC7D167CC823}.Debug|Any CPU.ActiveCfg = Debug|Any CPU
		{32D27A1A-26DE-460F-AC90-DC7D167CC823}.Debug|Any CPU.Build.0 = Debug|Any CPU
		{32D27A1A-26DE-460F-AC90-DC7D167CC823}.Release|Any CPU.ActiveCfg = Release|Any CPU
		{32D27A1A-26DE-460F-AC90-DC7D167CC823}.Release|Any CPU.Build.0 = Release|Any CPU
	EndGlobalSection
	GlobalSection(SolutionProperties) = preSolution
		HideSolutionNode = FALSE
	EndGlobalSection
	GlobalSection(ExtensibilityGlobals) = postSolution
		SolutionGuid = {609580F9-246A-4FE2-84B3-9C7E7ED965F1}
	EndGlobalSection
EndGlobal
